// !$*UTF8*$!
{
	archiveVersion = 1;
	classes = {
	};
	objectVersion = 56;
	objects = {

/* Begin PBXBuildFile section */
		551B979E229169B71A16C877 /* Pods_ContoursAIExampleSwiftUI.framework in Frameworks */ = {isa = PBXBuildFile; fileRef = 23FEA07480630F1A8AD6EE31 /* Pods_ContoursAIExampleSwiftUI.framework */; };
		8273E61F29D6A334008BC719 /* ContoursAIExampleSwiftUIApp.swift in Sources */ = {isa = PBXBuildFile; fileRef = 8273E61E29D6A334008BC719 /* ContoursAIExampleSwiftUIApp.swift */; };
		8273E62129D6A334008BC719 /* ContentView.swift in Sources */ = {isa = PBXBuildFile; fileRef = 8273E62029D6A334008BC719 /* ContentView.swift */; };
		8273E62329D6A335008BC719 /* Assets.xcassets in Resources */ = {isa = PBXBuildFile; fileRef = 8273E62229D6A335008BC719 /* Assets.xcassets */; };
		8273E62629D6A335008BC719 /* Preview Assets.xcassets in Resources */ = {isa = PBXBuildFile; fileRef = 8273E62529D6A335008BC719 /* Preview Assets.xcassets */; };
		8273E62D29D6A384008BC719 /* ContourSDK.swift in Sources */ = {isa = PBXBuildFile; fileRef = 8273E62C29D6A384008BC719 /* ContourSDK.swift */; };
		8273E62F29D6A3C6008BC719 /* AppDelegate.swift in Sources */ = {isa = PBXBuildFile; fileRef = 8273E62E29D6A3C6008BC719 /* AppDelegate.swift */; };
/* End PBXBuildFile section */

/* Begin PBXFileReference section */
		23FEA07480630F1A8AD6EE31 /* Pods_ContoursAIExampleSwiftUI.framework */ = {isa = PBXFileReference; explicitFileType = wrapper.framework; includeInIndex = 0; path = Pods_ContoursAIExampleSwiftUI.framework; sourceTree = BUILT_PRODUCTS_DIR; };
		8273E61B29D6A334008BC719 /* ContoursAIExampleSwiftUI.app */ = {isa = PBXFileReference; explicitFileType = wrapper.application; includeInIndex = 0; path = ContoursAIExampleSwiftUI.app; sourceTree = BUILT_PRODUCTS_DIR; };
		8273E61E29D6A334008BC719 /* ContoursAIExampleSwiftUIApp.swift */ = {isa = PBXFileReference; lastKnownFileType = sourcecode.swift; path = ContoursAIExampleSwiftUIApp.swift; sourceTree = "<group>"; };
		8273E62029D6A334008BC719 /* ContentView.swift */ = {isa = PBXFileReference; lastKnownFileType = sourcecode.swift; path = ContentView.swift; sourceTree = "<group>"; };
		8273E62229D6A335008BC719 /* Assets.xcassets */ = {isa = PBXFileReference; lastKnownFileType = folder.assetcatalog; path = Assets.xcassets; sourceTree = "<group>"; };
		8273E62529D6A335008BC719 /* Preview Assets.xcassets */ = {isa = PBXFileReference; lastKnownFileType = folder.assetcatalog; path = "Preview Assets.xcassets"; sourceTree = "<group>"; };
		8273E62C29D6A384008BC719 /* ContourSDK.swift */ = {isa = PBXFileReference; fileEncoding = 4; lastKnownFileType = sourcecode.swift; path = ContourSDK.swift; sourceTree = "<group>"; };
		8273E62E29D6A3C6008BC719 /* AppDelegate.swift */ = {isa = PBXFileReference; fileEncoding = 4; lastKnownFileType = sourcecode.swift; path = AppDelegate.swift; sourceTree = "<group>"; };
		B54D2AD4E11A97707C35F5DA /* Pods-ContoursAIExampleSwiftUI.debug.xcconfig */ = {isa = PBXFileReference; includeInIndex = 1; lastKnownFileType = text.xcconfig; name = "Pods-ContoursAIExampleSwiftUI.debug.xcconfig"; path = "Target Support Files/Pods-ContoursAIExampleSwiftUI/Pods-ContoursAIExampleSwiftUI.debug.xcconfig"; sourceTree = "<group>"; };
		F8DB17A45390FAEC29D91D0D /* Pods-ContoursAIExampleSwiftUI.release.xcconfig */ = {isa = PBXFileReference; includeInIndex = 1; lastKnownFileType = text.xcconfig; name = "Pods-ContoursAIExampleSwiftUI.release.xcconfig"; path = "Target Support Files/Pods-ContoursAIExampleSwiftUI/Pods-ContoursAIExampleSwiftUI.release.xcconfig"; sourceTree = "<group>"; };
/* End PBXFileReference section */

/* Begin PBXFrameworksBuildPhase section */
		8273E61829D6A334008BC719 /* Frameworks */ = {
			isa = PBXFrameworksBuildPhase;
			buildActionMask = 2147483647;
			files = (
				551B979E229169B71A16C877 /* Pods_ContoursAIExampleSwiftUI.framework in Frameworks */,
			);
			runOnlyForDeploymentPostprocessing = 0;
		};
/* End PBXFrameworksBuildPhase section */

/* Begin PBXGroup section */
		7DE14EB69C0BD74F6DA50311 /* Frameworks */ = {
			isa = PBXGroup;
			children = (
				23FEA07480630F1A8AD6EE31 /* Pods_ContoursAIExampleSwiftUI.framework */,
			);
			name = Frameworks;
			sourceTree = "<group>";
		};
		8273E61229D6A334008BC719 = {
			isa = PBXGroup;
			children = (
				8273E61D29D6A334008BC719 /* ContoursAIExampleSwiftUI */,
				8273E61C29D6A334008BC719 /* Products */,
				8975D4D401ED885591D661B4 /* Pods */,
				7DE14EB69C0BD74F6DA50311 /* Frameworks */,
			);
			sourceTree = "<group>";
		};
		8273E61C29D6A334008BC719 /* Products */ = {
			isa = PBXGroup;
			children = (
				8273E61B29D6A334008BC719 /* ContoursAIExampleSwiftUI.app */,
			);
			name = Products;
			sourceTree = "<group>";
		};
		8273E61D29D6A334008BC719 /* ContoursAIExampleSwiftUI */ = {
			isa = PBXGroup;
			children = (
				8273E61E29D6A334008BC719 /* ContoursAIExampleSwiftUIApp.swift */,
				8273E62029D6A334008BC719 /* ContentView.swift */,
				8273E62E29D6A3C6008BC719 /* AppDelegate.swift */,
				8273E62C29D6A384008BC719 /* ContourSDK.swift */,
				8273E62229D6A335008BC719 /* Assets.xcassets */,
				8273E62429D6A335008BC719 /* Preview Content */,
			);
			path = ContoursAIExampleSwiftUI;
			sourceTree = "<group>";
		};
		8273E62429D6A335008BC719 /* Preview Content */ = {
			isa = PBXGroup;
			children = (
				8273E62529D6A335008BC719 /* Preview Assets.xcassets */,
			);
			path = "Preview Content";
			sourceTree = "<group>";
		};
		8975D4D401ED885591D661B4 /* Pods */ = {
			isa = PBXGroup;
			children = (
				B54D2AD4E11A97707C35F5DA /* Pods-ContoursAIExampleSwiftUI.debug.xcconfig */,
				F8DB17A45390FAEC29D91D0D /* Pods-ContoursAIExampleSwiftUI.release.xcconfig */,
			);
			path = Pods;
			sourceTree = "<group>";
		};
/* End PBXGroup section */

/* Begin PBXNativeTarget section */
		8273E61A29D6A334008BC719 /* ContoursAIExampleSwiftUI */ = {
			isa = PBXNativeTarget;
			buildConfigurationList = 8273E62929D6A335008BC719 /* Build configuration list for PBXNativeTarget "ContoursAIExampleSwiftUI" */;
			buildPhases = (
				AAED0B01B00BAFD2AE23F250 /* [CP] Check Pods Manifest.lock */,
				8273E61729D6A334008BC719 /* Sources */,
				8273E61829D6A334008BC719 /* Frameworks */,
				8273E61929D6A334008BC719 /* Resources */,
				C51F78D62C8C33DAC7751F2F /* [CP] Embed Pods Frameworks */,
			);
			buildRules = (
			);
			dependencies = (
			);
			name = ContoursAIExampleSwiftUI;
			productName = ContoursAIExampleSwiftUI;
			productReference = 8273E61B29D6A334008BC719 /* ContoursAIExampleSwiftUI.app */;
			productType = "com.apple.product-type.application";
		};
/* End PBXNativeTarget section */

/* Begin PBXProject section */
		8273E61329D6A334008BC719 /* Project object */ = {
			isa = PBXProject;
			attributes = {
				BuildIndependentTargetsInParallel = 1;
				LastSwiftUpdateCheck = 1420;
				LastUpgradeCheck = 1420;
				TargetAttributes = {
					8273E61A29D6A334008BC719 = {
						CreatedOnToolsVersion = 14.2;
					};
				};
			};
			buildConfigurationList = 8273E61629D6A334008BC719 /* Build configuration list for PBXProject "ContoursAIExampleSwiftUI" */;
			compatibilityVersion = "Xcode 14.0";
			developmentRegion = en;
			hasScannedForEncodings = 0;
			knownRegions = (
				en,
				Base,
			);
			mainGroup = 8273E61229D6A334008BC719;
			productRefGroup = 8273E61C29D6A334008BC719 /* Products */;
			projectDirPath = "";
			projectRoot = "";
			targets = (
				8273E61A29D6A334008BC719 /* ContoursAIExampleSwiftUI */,
			);
		};
/* End PBXProject section */

/* Begin PBXResourcesBuildPhase section */
		8273E61929D6A334008BC719 /* Resources */ = {
			isa = PBXResourcesBuildPhase;
			buildActionMask = 2147483647;
			files = (
				8273E62629D6A335008BC719 /* Preview Assets.xcassets in Resources */,
				8273E62329D6A335008BC719 /* Assets.xcassets in Resources */,
			);
			runOnlyForDeploymentPostprocessing = 0;
		};
/* End PBXResourcesBuildPhase section */

/* Begin PBXShellScriptBuildPhase section */
		AAED0B01B00BAFD2AE23F250 /* [CP] Check Pods Manifest.lock */ = {
			isa = PBXShellScriptBuildPhase;
			buildActionMask = 2147483647;
			files = (
			);
			inputFileListPaths = (
			);
			inputPaths = (
				"${PODS_PODFILE_DIR_PATH}/Podfile.lock",
				"${PODS_ROOT}/Manifest.lock",
			);
			name = "[CP] Check Pods Manifest.lock";
			outputFileListPaths = (
			);
			outputPaths = (
				"$(DERIVED_FILE_DIR)/Pods-ContoursAIExampleSwiftUI-checkManifestLockResult.txt",
			);
			runOnlyForDeploymentPostprocessing = 0;
			shellPath = /bin/sh;
			shellScript = "diff \"${PODS_PODFILE_DIR_PATH}/Podfile.lock\" \"${PODS_ROOT}/Manifest.lock\" > /dev/null\nif [ $? != 0 ] ; then\n    # print error to STDERR\n    echo \"error: The sandbox is not in sync with the Podfile.lock. Run 'pod install' or update your CocoaPods installation.\" >&2\n    exit 1\nfi\n# This output is used by Xcode 'outputs' to avoid re-running this script phase.\necho \"SUCCESS\" > \"${SCRIPT_OUTPUT_FILE_0}\"\n";
			showEnvVarsInLog = 0;
		};
		C51F78D62C8C33DAC7751F2F /* [CP] Embed Pods Frameworks */ = {
			isa = PBXShellScriptBuildPhase;
			buildActionMask = 2147483647;
			files = (
			);
			inputFileListPaths = (
				"${PODS_ROOT}/Target Support Files/Pods-ContoursAIExampleSwiftUI/Pods-ContoursAIExampleSwiftUI-frameworks-${CONFIGURATION}-input-files.xcfilelist",
			);
			inputPaths = (
			);
			name = "[CP] Embed Pods Frameworks";
			outputFileListPaths = (
				"${PODS_ROOT}/Target Support Files/Pods-ContoursAIExampleSwiftUI/Pods-ContoursAIExampleSwiftUI-frameworks-${CONFIGURATION}-output-files.xcfilelist",
			);
			outputPaths = (
			);
			runOnlyForDeploymentPostprocessing = 0;
			shellPath = /bin/sh;
			shellScript = "\"${PODS_ROOT}/Target Support Files/Pods-ContoursAIExampleSwiftUI/Pods-ContoursAIExampleSwiftUI-frameworks.sh\"\n";
			showEnvVarsInLog = 0;
		};
/* End PBXShellScriptBuildPhase section */

/* Begin PBXSourcesBuildPhase section */
		8273E61729D6A334008BC719 /* Sources */ = {
			isa = PBXSourcesBuildPhase;
			buildActionMask = 2147483647;
			files = (
				8273E62F29D6A3C6008BC719 /* AppDelegate.swift in Sources */,
				8273E62129D6A334008BC719 /* ContentView.swift in Sources */,
				8273E62D29D6A384008BC719 /* ContourSDK.swift in Sources */,
				8273E61F29D6A334008BC719 /* ContoursAIExampleSwiftUIApp.swift in Sources */,
			);
			runOnlyForDeploymentPostprocessing = 0;
		};
/* End PBXSourcesBuildPhase section */

/* Begin XCBuildConfiguration section */
		8273E62729D6A335008BC719 /* Debug */ = {
			isa = XCBuildConfiguration;
			buildSettings = {
				ALWAYS_SEARCH_USER_PATHS = NO;
				CLANG_ANALYZER_NONNULL = YES;
				CLANG_ANALYZER_NUMBER_OBJECT_CONVERSION = YES_AGGRESSIVE;
				CLANG_CXX_LANGUAGE_STANDARD = "gnu++20";
				CLANG_ENABLE_MODULES = YES;
				CLANG_ENABLE_OBJC_ARC = YES;
				CLANG_ENABLE_OBJC_WEAK = YES;
				CLANG_WARN_BLOCK_CAPTURE_AUTORELEASING = YES;
				CLANG_WARN_BOOL_CONVERSION = YES;
				CLANG_WARN_COMMA = YES;
				CLANG_WARN_CONSTANT_CONVERSION = YES;
				CLANG_WARN_DEPRECATED_OBJC_IMPLEMENTATIONS = YES;
				CLANG_WARN_DIRECT_OBJC_ISA_USAGE = YES_ERROR;
				CLANG_WARN_DOCUMENTATION_COMMENTS = YES;
				CLANG_WARN_EMPTY_BODY = YES;
				CLANG_WARN_ENUM_CONVERSION = YES;
				CLANG_WARN_INFINITE_RECURSION = YES;
				CLANG_WARN_INT_CONVERSION = YES;
				CLANG_WARN_NON_LITERAL_NULL_CONVERSION = YES;
				CLANG_WARN_OBJC_IMPLICIT_RETAIN_SELF = YES;
				CLANG_WARN_OBJC_LITERAL_CONVERSION = YES;
				CLANG_WARN_OBJC_ROOT_CLASS = YES_ERROR;
				CLANG_WARN_QUOTED_INCLUDE_IN_FRAMEWORK_HEADER = YES;
				CLANG_WARN_RANGE_LOOP_ANALYSIS = YES;
				CLANG_WARN_STRICT_PROTOTYPES = YES;
				CLANG_WARN_SUSPICIOUS_MOVE = YES;
				CLANG_WARN_UNGUARDED_AVAILABILITY = YES_AGGRESSIVE;
				CLANG_WARN_UNREACHABLE_CODE = YES;
				CLANG_WARN__DUPLICATE_METHOD_MATCH = YES;
				COPY_PHASE_STRIP = NO;
				DEBUG_INFORMATION_FORMAT = dwarf;
				ENABLE_STRICT_OBJC_MSGSEND = YES;
				ENABLE_TESTABILITY = YES;
				GCC_C_LANGUAGE_STANDARD = gnu11;
				GCC_DYNAMIC_NO_PIC = NO;
				GCC_NO_COMMON_BLOCKS = YES;
				GCC_OPTIMIZATION_LEVEL = 0;
				GCC_PREPROCESSOR_DEFINITIONS = (
					"DEBUG=1",
					"$(inherited)",
				);
				GCC_WARN_64_TO_32_BIT_CONVERSION = YES;
				GCC_WARN_ABOUT_RETURN_TYPE = YES_ERROR;
				GCC_WARN_UNDECLARED_SELECTOR = YES;
				GCC_WARN_UNINITIALIZED_AUTOS = YES_AGGRESSIVE;
				GCC_WARN_UNUSED_FUNCTION = YES;
				GCC_WARN_UNUSED_VARIABLE = YES;
				IPHONEOS_DEPLOYMENT_TARGET = 16.2;
				MTL_ENABLE_DEBUG_INFO = INCLUDE_SOURCE;
				MTL_FAST_MATH = YES;
				ONLY_ACTIVE_ARCH = YES;
				SDKROOT = iphoneos;
				SWIFT_ACTIVE_COMPILATION_CONDITIONS = DEBUG;
				SWIFT_OPTIMIZATION_LEVEL = "-Onone";
			};
			name = Debug;
		};
		8273E62829D6A335008BC719 /* Release */ = {
			isa = XCBuildConfiguration;
			buildSettings = {
				ALWAYS_SEARCH_USER_PATHS = NO;
				CLANG_ANALYZER_NONNULL = YES;
				CLANG_ANALYZER_NUMBER_OBJECT_CONVERSION = YES_AGGRESSIVE;
				CLANG_CXX_LANGUAGE_STANDARD = "gnu++20";
				CLANG_ENABLE_MODULES = YES;
				CLANG_ENABLE_OBJC_ARC = YES;
				CLANG_ENABLE_OBJC_WEAK = YES;
				CLANG_WARN_BLOCK_CAPTURE_AUTORELEASING = YES;
				CLANG_WARN_BOOL_CONVERSION = YES;
				CLANG_WARN_COMMA = YES;
				CLANG_WARN_CONSTANT_CONVERSION = YES;
				CLANG_WARN_DEPRECATED_OBJC_IMPLEMENTATIONS = YES;
				CLANG_WARN_DIRECT_OBJC_ISA_USAGE = YES_ERROR;
				CLANG_WARN_DOCUMENTATION_COMMENTS = YES;
				CLANG_WARN_EMPTY_BODY = YES;
				CLANG_WARN_ENUM_CONVERSION = YES;
				CLANG_WARN_INFINITE_RECURSION = YES;
				CLANG_WARN_INT_CONVERSION = YES;
				CLANG_WARN_NON_LITERAL_NULL_CONVERSION = YES;
				CLANG_WARN_OBJC_IMPLICIT_RETAIN_SELF = YES;
				CLANG_WARN_OBJC_LITERAL_CONVERSION = YES;
				CLANG_WARN_OBJC_ROOT_CLASS = YES_ERROR;
				CLANG_WARN_QUOTED_INCLUDE_IN_FRAMEWORK_HEADER = YES;
				CLANG_WARN_RANGE_LOOP_ANALYSIS = YES;
				CLANG_WARN_STRICT_PROTOTYPES = YES;
				CLANG_WARN_SUSPICIOUS_MOVE = YES;
				CLANG_WARN_UNGUARDED_AVAILABILITY = YES_AGGRESSIVE;
				CLANG_WARN_UNREACHABLE_CODE = YES;
				CLANG_WARN__DUPLICATE_METHOD_MATCH = YES;
				COPY_PHASE_STRIP = NO;
				DEBUG_INFORMATION_FORMAT = "dwarf-with-dsym";
				ENABLE_NS_ASSERTIONS = NO;
				ENABLE_STRICT_OBJC_MSGSEND = YES;
				GCC_C_LANGUAGE_STANDARD = gnu11;
				GCC_NO_COMMON_BLOCKS = YES;
				GCC_WARN_64_TO_32_BIT_CONVERSION = YES;
				GCC_WARN_ABOUT_RETURN_TYPE = YES_ERROR;
				GCC_WARN_UNDECLARED_SELECTOR = YES;
				GCC_WARN_UNINITIALIZED_AUTOS = YES_AGGRESSIVE;
				GCC_WARN_UNUSED_FUNCTION = YES;
				GCC_WARN_UNUSED_VARIABLE = YES;
				IPHONEOS_DEPLOYMENT_TARGET = 16.2;
				MTL_ENABLE_DEBUG_INFO = NO;
				MTL_FAST_MATH = YES;
				SDKROOT = iphoneos;
				SWIFT_COMPILATION_MODE = wholemodule;
				SWIFT_OPTIMIZATION_LEVEL = "-O";
				VALIDATE_PRODUCT = YES;
			};
			name = Release;
		};
		8273E62A29D6A335008BC719 /* Debug */ = {
			isa = XCBuildConfiguration;
			baseConfigurationReference = B54D2AD4E11A97707C35F5DA /* Pods-ContoursAIExampleSwiftUI.debug.xcconfig */;
			buildSettings = {
				ASSETCATALOG_COMPILER_APPICON_NAME = AppIcon;
				ASSETCATALOG_COMPILER_GLOBAL_ACCENT_COLOR_NAME = AccentColor;
				CODE_SIGN_IDENTITY = "Apple Development";
				CODE_SIGN_STYLE = Automatic;
				CURRENT_PROJECT_VERSION = 1;
				DEVELOPMENT_ASSET_PATHS = "\"ContoursAIExampleSwiftUI/Preview Content\"";
				DEVELOPMENT_TEAM = "";
				ENABLE_PREVIEWS = YES;
				GENERATE_INFOPLIST_FILE = YES;
				INFOPLIST_KEY_NSCameraUsageDescription = "Demo Camera permission";
				INFOPLIST_KEY_UIApplicationSceneManifest_Generation = YES;
				INFOPLIST_KEY_UIApplicationSupportsIndirectInputEvents = YES;
				INFOPLIST_KEY_UILaunchScreen_Generation = YES;
				INFOPLIST_KEY_UISupportedInterfaceOrientations = "UIInterfaceOrientationLandscapeLeft UIInterfaceOrientationLandscapeRight UIInterfaceOrientationPortrait";
				LD_RUNPATH_SEARCH_PATHS = (
					"$(inherited)",
					"@executable_path/Frameworks",
				);
				MARKETING_VERSION = 1.0;
				PRODUCT_BUNDLE_IDENTIFIER = UrbanFT.ContoursAIExampleSwiftUI;
				PRODUCT_NAME = "$(TARGET_NAME)";
				PROVISIONING_PROFILE_SPECIFIER = "";
				SWIFT_EMIT_LOC_STRINGS = YES;
				SWIFT_VERSION = 5.0;
				TARGETED_DEVICE_FAMILY = "1,2";
			};
			name = Debug;
		};
		8273E62B29D6A335008BC719 /* Release */ = {
			isa = XCBuildConfiguration;
			baseConfigurationReference = F8DB17A45390FAEC29D91D0D /* Pods-ContoursAIExampleSwiftUI.release.xcconfig */;
			buildSettings = {
				ASSETCATALOG_COMPILER_APPICON_NAME = AppIcon;
				ASSETCATALOG_COMPILER_GLOBAL_ACCENT_COLOR_NAME = AccentColor;
				CODE_SIGN_IDENTITY = "Apple Development";
				CODE_SIGN_STYLE = Automatic;
				CURRENT_PROJECT_VERSION = 1;
				DEVELOPMENT_ASSET_PATHS = "\"ContoursAIExampleSwiftUI/Preview Content\"";
				DEVELOPMENT_TEAM = "";
				ENABLE_PREVIEWS = YES;
				GENERATE_INFOPLIST_FILE = YES;
				INFOPLIST_KEY_NSCameraUsageDescription = "Demo Camera permission";
				INFOPLIST_KEY_UIApplicationSceneManifest_Generation = YES;
				INFOPLIST_KEY_UIApplicationSupportsIndirectInputEvents = YES;
				INFOPLIST_KEY_UILaunchScreen_Generation = YES;
				INFOPLIST_KEY_UISupportedInterfaceOrientations = "UIInterfaceOrientationLandscapeLeft UIInterfaceOrientationLandscapeRight UIInterfaceOrientationPortrait";
				LD_RUNPATH_SEARCH_PATHS = (
					"$(inherited)",
					"@executable_path/Frameworks",
				);
				MARKETING_VERSION = 1.0;
				PRODUCT_BUNDLE_IDENTIFIER = UrbanFT.ContoursAIExampleSwiftUI;
				PRODUCT_NAME = "$(TARGET_NAME)";
				PROVISIONING_PROFILE_SPECIFIER = "";
				SWIFT_EMIT_LOC_STRINGS = YES;
				SWIFT_VERSION = 5.0;
				TARGETED_DEVICE_FAMILY = "1,2";
			};
			name = Release;
		};
/* End XCBuildConfiguration section */

/* Begin XCConfigurationList section */
		8273E61629D6A334008BC719 /* Build configuration list for PBXProject "ContoursAIExampleSwiftUI" */ = {
			isa = XCConfigurationList;
			buildConfigurations = (
				8273E62729D6A335008BC719 /* Debug */,
				8273E62829D6A335008BC719 /* Release */,
			);
			defaultConfigurationIsVisible = 0;
			defaultConfigurationName = Release;
		};
		8273E62929D6A335008BC719 /* Build configuration list for PBXNativeTarget "ContoursAIExampleSwiftUI" */ = {
			isa = XCConfigurationList;
			buildConfigurations = (
				8273E62A29D6A335008BC719 /* Debug */,
				8273E62B29D6A335008BC719 /* Release */,
			);
			defaultConfigurationIsVisible = 0;
			defaultConfigurationName = Release;
		};
/* End XCConfigurationList section */
	};
	rootObject = 8273E61329D6A334008BC719 /* Project object */;
}
